// !$*UTF8*$!
{
	archiveVersion = 1;
	classes = {
	};
	objectVersion = 48;
	objects = {

/* Begin PBXBuildFile section */
		9E04C345201BF2450087510A /* AppDelegate.swift in Sources */ = {isa = PBXBuildFile; fileRef = 9E04C344201BF2450087510A /* AppDelegate.swift */; };
		9E04C347201BF2450087510A /* ViewController.swift in Sources */ = {isa = PBXBuildFile; fileRef = 9E04C346201BF2450087510A /* ViewController.swift */; };
		9E04C34A201BF2450087510A /* Main.storyboard in Resources */ = {isa = PBXBuildFile; fileRef = 9E04C348201BF2450087510A /* Main.storyboard */; };
		9E04C34D201BF2450087510A /* ShoeLove.xcdatamodeld in Sources */ = {isa = PBXBuildFile; fileRef = 9E04C34B201BF2450087510A /* ShoeLove.xcdatamodeld */; };
		9E04C34F201BF2450087510A /* Assets.xcassets in Resources */ = {isa = PBXBuildFile; fileRef = 9E04C34E201BF2450087510A /* Assets.xcassets */; };
		9E04C352201BF2450087510A /* LaunchScreen.storyboard in Resources */ = {isa = PBXBuildFile; fileRef = 9E04C350201BF2450087510A /* LaunchScreen.storyboard */; };
		9E04C35D201C011A0087510A /* ShoeTypes.swift in Sources */ = {isa = PBXBuildFile; fileRef = 9E04C35C201C011A0087510A /* ShoeTypes.swift */; };
		9E04C35F201C02620087510A /* PricePreference.swift in Sources */ = {isa = PBXBuildFile; fileRef = 9E04C35E201C02620087510A /* PricePreference.swift */; };
		9E354118201D473300AD297C /* ShoeTypesController.swift in Sources */ = {isa = PBXBuildFile; fileRef = 9E354117201D473300AD297C /* ShoeTypesController.swift */; };
		9E35411A201D479800AD297C /* PricePreferenceController.swift in Sources */ = {isa = PBXBuildFile; fileRef = 9E354119201D479800AD297C /* PricePreferenceController.swift */; };
/* End PBXBuildFile section */

/* Begin PBXFileReference section */
		9E04C341201BF2450087510A /* ShoeLove.app */ = {isa = PBXFileReference; explicitFileType = wrapper.application; includeInIndex = 0; path = ShoeLove.app; sourceTree = BUILT_PRODUCTS_DIR; };
		9E04C344201BF2450087510A /* AppDelegate.swift */ = {isa = PBXFileReference; lastKnownFileType = sourcecode.swift; path = AppDelegate.swift; sourceTree = "<group>"; };
		9E04C346201BF2450087510A /* ViewController.swift */ = {isa = PBXFileReference; lastKnownFileType = sourcecode.swift; path = ViewController.swift; sourceTree = "<group>"; };
		9E04C349201BF2450087510A /* Base */ = {isa = PBXFileReference; lastKnownFileType = file.storyboard; name = Base; path = Base.lproj/Main.storyboard; sourceTree = "<group>"; };
		9E04C34C201BF2450087510A /* ShoeLove.xcdatamodel */ = {isa = PBXFileReference; lastKnownFileType = wrapper.xcdatamodel; path = ShoeLove.xcdatamodel; sourceTree = "<group>"; };
		9E04C34E201BF2450087510A /* Assets.xcassets */ = {isa = PBXFileReference; lastKnownFileType = folder.assetcatalog; path = Assets.xcassets; sourceTree = "<group>"; };
		9E04C351201BF2450087510A /* Base */ = {isa = PBXFileReference; lastKnownFileType = file.storyboard; name = Base; path = Base.lproj/LaunchScreen.storyboard; sourceTree = "<group>"; };
		9E04C353201BF2450087510A /* Info.plist */ = {isa = PBXFileReference; lastKnownFileType = text.plist.xml; path = Info.plist; sourceTree = "<group>"; };
		9E04C35C201C011A0087510A /* ShoeTypes.swift */ = {isa = PBXFileReference; lastKnownFileType = sourcecode.swift; path = ShoeTypes.swift; sourceTree = "<group>"; };
		9E04C35E201C02620087510A /* PricePreference.swift */ = {isa = PBXFileReference; lastKnownFileType = sourcecode.swift; path = PricePreference.swift; sourceTree = "<group>"; };
		9E354117201D473300AD297C /* ShoeTypesController.swift */ = {isa = PBXFileReference; lastKnownFileType = sourcecode.swift; path = ShoeTypesController.swift; sourceTree = "<group>"; };
		9E354119201D479800AD297C /* PricePreferenceController.swift */ = {isa = PBXFileReference; lastKnownFileType = sourcecode.swift; path = PricePreferenceController.swift; sourceTree = "<group>"; };
/* End PBXFileReference section */

/* Begin PBXFrameworksBuildPhase section */
		9E04C33E201BF2450087510A /* Frameworks */ = {
			isa = PBXFrameworksBuildPhase;
			buildActionMask = 2147483647;
			files = (
			);
			runOnlyForDeploymentPostprocessing = 0;
		};
/* End PBXFrameworksBuildPhase section */

/* Begin PBXGroup section */
		9E04C338201BF2450087510A = {
			isa = PBXGroup;
			children = (
				9E04C343201BF2450087510A /* ShoeLove */,
				9E04C342201BF2450087510A /* Products */,
			);
			sourceTree = "<group>";
		};
		9E04C342201BF2450087510A /* Products */ = {
			isa = PBXGroup;
			children = (
				9E04C341201BF2450087510A /* ShoeLove.app */,
			);
			name = Products;
			sourceTree = "<group>";
		};
		9E04C343201BF2450087510A /* ShoeLove */ = {
			isa = PBXGroup;
			children = (
				9E04C35B201C00170087510A /* Controller */,
				9E04C35A201C000E0087510A /* View */,
				9E04C359201C00080087510A /* Model */,
				9E04C350201BF2450087510A /* LaunchScreen.storyboard */,
				9E04C353201BF2450087510A /* Info.plist */,
				9E04C34B201BF2450087510A /* ShoeLove.xcdatamodeld */,
			);
			path = ShoeLove;
			sourceTree = "<group>";
		};
		9E04C359201C00080087510A /* Model */ = {
			isa = PBXGroup;
			children = (
				9E04C35C201C011A0087510A /* ShoeTypes.swift */,
				9E04C35E201C02620087510A /* PricePreference.swift */,
			);
			path = Model;
			sourceTree = "<group>";
		};
		9E04C35A201C000E0087510A /* View */ = {
			isa = PBXGroup;
			children = (
				9E04C348201BF2450087510A /* Main.storyboard */,
				9E04C34E201BF2450087510A /* Assets.xcassets */,
			);
			path = View;
			sourceTree = "<group>";
		};
		9E04C35B201C00170087510A /* Controller */ = {
			isa = PBXGroup;
			children = (
				9E354117201D473300AD297C /* ShoeTypesController.swift */,
				9E04C346201BF2450087510A /* ViewController.swift */,
				9E04C344201BF2450087510A /* AppDelegate.swift */,
				9E354119201D479800AD297C /* PricePreferenceController.swift */,
			);
			name = Controller;
			sourceTree = "<group>";
		};
/* End PBXGroup section */

/* Begin PBXNativeTarget section */
		9E04C340201BF2450087510A /* ShoeLove */ = {
			isa = PBXNativeTarget;
			buildConfigurationList = 9E04C356201BF2450087510A /* Build configuration list for PBXNativeTarget "ShoeLove" */;
			buildPhases = (
				9E04C33D201BF2450087510A /* Sources */,
				9E04C33E201BF2450087510A /* Frameworks */,
				9E04C33F201BF2450087510A /* Resources */,
			);
			buildRules = (
			);
			dependencies = (
			);
			name = ShoeLove;
			productName = ShoeLove;
			productReference = 9E04C341201BF2450087510A /* ShoeLove.app */;
			productType = "com.apple.product-type.application";
		};
/* End PBXNativeTarget section */

/* Begin PBXProject section */
		9E04C339201BF2450087510A /* Project object */ = {
			isa = PBXProject;
			attributes = {
				LastSwiftUpdateCheck = 0920;
				LastUpgradeCheck = 0920;
				ORGANIZATIONNAME = "Charity Youngblood ";
				TargetAttributes = {
					9E04C340201BF2450087510A = {
						CreatedOnToolsVersion = 9.2;
						ProvisioningStyle = Automatic;
					};
				};
			};
			buildConfigurationList = 9E04C33C201BF2450087510A /* Build configuration list for PBXProject "ShoeLove" */;
			compatibilityVersion = "Xcode 8.0";
			developmentRegion = en;
			hasScannedForEncodings = 0;
			knownRegions = (
				en,
				Base,
			);
			mainGroup = 9E04C338201BF2450087510A;
			productRefGroup = 9E04C342201BF2450087510A /* Products */;
			projectDirPath = "";
			projectRoot = "";
			targets = (
				9E04C340201BF2450087510A /* ShoeLove */,
			);
		};
/* End PBXProject section */

/* Begin PBXResourcesBuildPhase section */
		9E04C33F201BF2450087510A /* Resources */ = {
			isa = PBXResourcesBuildPhase;
			buildActionMask = 2147483647;
			files = (
				9E04C352201BF2450087510A /* LaunchScreen.storyboard in Resources */,
				9E04C34F201BF2450087510A /* Assets.xcassets in Resources */,
				9E04C34A201BF2450087510A /* Main.storyboard in Resources */,
			);
			runOnlyForDeploymentPostprocessing = 0;
		};
/* End PBXResourcesBuildPhase section */

/* Begin PBXSourcesBuildPhase section */
		9E04C33D201BF2450087510A /* Sources */ = {
			isa = PBXSourcesBuildPhase;
			buildActionMask = 2147483647;
			files = (
				9E04C347201BF2450087510A /* ViewController.swift in Sources */,
				9E04C345201BF2450087510A /* AppDelegate.swift in Sources */,
				9E04C35F201C02620087510A /* PricePreference.swift in Sources */,
				9E04C35D201C011A0087510A /* ShoeTypes.swift in Sources */,
				9E354118201D473300AD297C /* ShoeTypesController.swift in Sources */,
				9E04C34D201BF2450087510A /* ShoeLove.xcdatamodeld in Sources */,
				9E35411A201D479800AD297C /* PricePreferenceController.swift in Sources */,
			);
			runOnlyForDeploymentPostprocessing = 0;
		};
/* End PBXSourcesBuildPhase section */

/* Begin PBXVariantGroup section */
		9E04C348201BF2450087510A /* Main.storyboard */ = {
			isa = PBXVariantGroup;
			children = (
				9E04C349201BF2450087510A /* Base */,
			);
			name = Main.storyboard;
			sourceTree = "<group>";
		};
		9E04C350201BF2450087510A /* LaunchScreen.storyboard */ = {
			isa = PBXVariantGroup;
			children = (
				9E04C351201BF2450087510A /* Base */,
			);
			name = LaunchScreen.storyboard;
			sourceTree = "<group>";
		};
/* End PBXVariantGroup section */

/* Begin XCBuildConfiguration section */
		9E04C354201BF2450087510A /* Debug */ = {
			isa = XCBuildConfiguration;
			buildSettings = {
				ALWAYS_SEARCH_USER_PATHS = NO;
				CLANG_ANALYZER_NONNULL = YES;
				CLANG_ANALYZER_NUMBER_OBJECT_CONVERSION = YES_AGGRESSIVE;
				CLANG_CXX_LANGUAGE_STANDARD = "gnu++14";
				CLANG_CXX_LIBRARY = "libc++";
				CLANG_ENABLE_MODULES = YES;
				CLANG_ENABLE_OBJC_ARC = YES;
				CLANG_WARN_BLOCK_CAPTURE_AUTORELEASING = YES;
				CLANG_WARN_BOOL_CONVERSION = YES;
				CLANG_WARN_COMMA = YES;
				CLANG_WARN_CONSTANT_CONVERSION = YES;
				CLANG_WARN_DIRECT_OBJC_ISA_USAGE = YES_ERROR;
				CLANG_WARN_DOCUMENTATION_COMMENTS = YES;
				CLANG_WARN_EMPTY_BODY = YES;
				CLANG_WARN_ENUM_CONVERSION = YES;
				CLANG_WARN_INFINITE_RECURSION = YES;
				CLANG_WARN_INT_CONVERSION = YES;
				CLANG_WARN_NON_LITERAL_NULL_CONVERSION = YES;
				CLANG_WARN_OBJC_LITERAL_CONVERSION = YES;
				CLANG_WARN_OBJC_ROOT_CLASS = YES_ERROR;
				CLANG_WARN_RANGE_LOOP_ANALYSIS = YES;
				CLANG_WARN_STRICT_PROTOTYPES = YES;
				CLANG_WARN_SUSPICIOUS_MOVE = YES;
				CLANG_WARN_UNGUARDED_AVAILABILITY = YES_AGGRESSIVE;
				CLANG_WARN_UNREACHABLE_CODE = YES;
				CLANG_WARN__DUPLICATE_METHOD_MATCH = YES;
				CODE_SIGN_IDENTITY = "iPhone Developer";
				COPY_PHASE_STRIP = NO;
				DEBUG_INFORMATION_FORMAT = dwarf;
				ENABLE_STRICT_OBJC_MSGSEND = YES;
				ENABLE_TESTABILITY = YES;
				GCC_C_LANGUAGE_STANDARD = gnu11;
				GCC_DYNAMIC_NO_PIC = NO;
				GCC_NO_COMMON_BLOCKS = YES;
				GCC_OPTIMIZATION_LEVEL = 0;
				GCC_PREPROCESSOR_DEFINITIONS = (
					"DEBUG=1",
					"$(inherited)",
				);
				GCC_WARN_64_TO_32_BIT_CONVERSION = YES;
				GCC_WARN_ABOUT_RETURN_TYPE = YES_ERROR;
				GCC_WARN_UNDECLARED_SELECTOR = YES;
				GCC_WARN_UNINITIALIZED_AUTOS = YES_AGGRESSIVE;
				GCC_WARN_UNUSED_FUNCTION = YES;
				GCC_WARN_UNUSED_VARIABLE = YES;
				IPHONEOS_DEPLOYMENT_TARGET = 11.2;
				MTL_ENABLE_DEBUG_INFO = YES;
				ONLY_ACTIVE_ARCH = YES;
				SDKROOT = iphoneos;
				SWIFT_ACTIVE_COMPILATION_CONDITIONS = DEBUG;
				SWIFT_OPTIMIZATION_LEVEL = "-Onone";
			};
			name = Debug;
		};
		9E04C355201BF2450087510A /* Release */ = {
			isa = XCBuildConfiguration;
			buildSettings = {
				ALWAYS_SEARCH_USER_PATHS = NO;
				CLANG_ANALYZER_NONNULL = YES;
				CLANG_ANALYZER_NUMBER_OBJECT_CONVERSION = YES_AGGRESSIVE;
				CLANG_CXX_LANGUAGE_STANDARD = "gnu++14";
				CLANG_CXX_LIBRARY = "libc++";
				CLANG_ENABLE_MODULES = YES;
				CLANG_ENABLE_OBJC_ARC = YES;
				CLANG_WARN_BLOCK_CAPTURE_AUTORELEASING = YES;
				CLANG_WARN_BOOL_CONVERSION = YES;
				CLANG_WARN_COMMA = YES;
				CLANG_WARN_CONSTANT_CONVERSION = YES;
				CLANG_WARN_DIRECT_OBJC_ISA_USAGE = YES_ERROR;
				CLANG_WARN_DOCUMENTATION_COMMENTS = YES;
				CLANG_WARN_EMPTY_BODY = YES;
				CLANG_WARN_ENUM_CONVERSION = YES;
				CLANG_WARN_INFINITE_RECURSION = YES;
				CLANG_WARN_INT_CONVERSION = YES;
				CLANG_WARN_NON_LITERAL_NULL_CONVERSION = YES;
				CLANG_WARN_OBJC_LITERAL_CONVERSION = YES;
				CLANG_WARN_OBJC_ROOT_CLASS = YES_ERROR;
				CLANG_WARN_RANGE_LOOP_ANALYSIS = YES;
				CLANG_WARN_STRICT_PROTOTYPES = YES;
				CLANG_WARN_SUSPICIOUS_MOVE = YES;
				CLANG_WARN_UNGUARDED_AVAILABILITY = YES_AGGRESSIVE;
				CLANG_WARN_UNREACHABLE_CODE = YES;
				CLANG_WARN__DUPLICATE_METHOD_MATCH = YES;
				CODE_SIGN_IDENTITY = "iPhone Developer";
				COPY_PHASE_STRIP = NO;
				DEBUG_INFORMATION_FORMAT = "dwarf-with-dsym";
				ENABLE_NS_ASSERTIONS = NO;
				ENABLE_STRICT_OBJC_MSGSEND = YES;
				GCC_C_LANGUAGE_STANDARD = gnu11;
				GCC_NO_COMMON_BLOCKS = YES;
				GCC_WARN_64_TO_32_BIT_CONVERSION = YES;
				GCC_WARN_ABOUT_RETURN_TYPE = YES_ERROR;
				GCC_WARN_UNDECLARED_SELECTOR = YES;
				GCC_WARN_UNINITIALIZED_AUTOS = YES_AGGRESSIVE;
				GCC_WARN_UNUSED_FUNCTION = YES;
				GCC_WARN_UNUSED_VARIABLE = YES;
				IPHONEOS_DEPLOYMENT_TARGET = 11.2;
				MTL_ENABLE_DEBUG_INFO = NO;
				SDKROOT = iphoneos;
				SWIFT_OPTIMIZATION_LEVEL = "-Owholemodule";
				VALIDATE_PRODUCT = YES;
			};
			name = Release;
		};
		9E04C357201BF2450087510A /* Debug */ = {
			isa = XCBuildConfiguration;
			buildSettings = {
				ASSETCATALOG_COMPILER_APPICON_NAME = AppIcon;
				CODE_SIGN_STYLE = Automatic;
				DEVELOPMENT_TEAM = Z5U25KAVP9;
				INFOPLIST_FILE = ShoeLove/Info.plist;
				LD_RUNPATH_SEARCH_PATHS = "$(inherited) @executable_path/Frameworks";
				PRODUCT_BUNDLE_IDENTIFIER = com.charityyoungblood.ShoeLove;
				PRODUCT_NAME = "$(TARGET_NAME)";
				SWIFT_VERSION = 4.0;
				TARGETED_DEVICE_FAMILY = "1,2";
			};
			name = Debug;
		};
		9E04C358201BF2450087510A /* Release */ = {
			isa = XCBuildConfiguration;
			buildSettings = {
				ASSETCATALOG_COMPILER_APPICON_NAME = AppIcon;
				CODE_SIGN_STYLE = Automatic;
				DEVELOPMENT_TEAM = Z5U25KAVP9;
				INFOPLIST_FILE = ShoeLove/Info.plist;
				LD_RUNPATH_SEARCH_PATHS = "$(inherited) @executable_path/Frameworks";
				PRODUCT_BUNDLE_IDENTIFIER = com.charityyoungblood.ShoeLove;
				PRODUCT_NAME = "$(TARGET_NAME)";
				SWIFT_VERSION = 4.0;
				TARGETED_DEVICE_FAMILY = "1,2";
			};
			name = Release;
		};
/* End XCBuildConfiguration section */

/* Begin XCConfigurationList section */
		9E04C33C201BF2450087510A /* Build configuration list for PBXProject "ShoeLove" */ = {
			isa = XCConfigurationList;
			buildConfigurations = (
				9E04C354201BF2450087510A /* Debug */,
				9E04C355201BF2450087510A /* Release */,
			);
			defaultConfigurationIsVisible = 0;
			defaultConfigurationName = Release;
		};
		9E04C356201BF2450087510A /* Build configuration list for PBXNativeTarget "ShoeLove" */ = {
			isa = XCConfigurationList;
			buildConfigurations = (
				9E04C357201BF2450087510A /* Debug */,
				9E04C358201BF2450087510A /* Release */,
			);
			defaultConfigurationIsVisible = 0;
			defaultConfigurationName = Release;
		};
/* End XCConfigurationList section */

/* Begin XCVersionGroup section */
		9E04C34B201BF2450087510A /* ShoeLove.xcdatamodeld */ = {
			isa = XCVersionGroup;
			children = (
				9E04C34C201BF2450087510A /* ShoeLove.xcdatamodel */,
			);
			currentVersion = 9E04C34C201BF2450087510A /* ShoeLove.xcdatamodel */;
			path = ShoeLove.xcdatamodeld;
			sourceTree = "<group>";
			versionGroupType = wrapper.xcdatamodel;
		};
/* End XCVersionGroup section */
	};
	rootObject = 9E04C339201BF2450087510A /* Project object */;
}
